
Microsoft Visual Studio Solution File, Format Version 12.00
# Visual Studio 15
VisualStudioVersion = 15.0.27130.2027
MinimumVisualStudioVersion = 10.0.40219.1
Project("{9A19103F-16F7-4668-BE54-9A1E7A4F7556}") = "Fittify.Spielwiese", "Fittify.Spielwiese\Fittify.Spielwiese.csproj", "{0689FF45-5805-4456-831A-E980187B1FAB}"
EndProject
Project("{9A19103F-16F7-4668-BE54-9A1E7A4F7556}") = "Fittify.Web.View", "Fittify.Web.View\Fittify.Web.View.csproj", "{9EE66CA2-CE25-4178-96F7-E31B601716CA}"
EndProject
Project("{9A19103F-16F7-4668-BE54-9A1E7A4F7556}") = "Fittify.DataModels", "Fittify.DataModels\Fittify.DataModels.csproj", "{587D354C-E780-4A3E-A985-CE1679F638F8}"
EndProject
Project("{9A19103F-16F7-4668-BE54-9A1E7A4F7556}") = "Fittify.DbResetter", "Fittify.DbResetter\Fittify.DbResetter.csproj", "{3838415D-A5FB-4F2F-803B-6EE156FD253D}"
EndProject
Project("{9A19103F-16F7-4668-BE54-9A1E7A4F7556}") = "Fittify.DataModelRepositories", "Fittify.DataModelRepositories\Fittify.DataModelRepositories.csproj", "{94892E90-F210-49C5-87C1-A33A8270A47C}"
EndProject
Project("{9A19103F-16F7-4668-BE54-9A1E7A4F7556}") = "Fittify.Web.ViewModels", "Fittify.ViewModels\Fittify.Web.ViewModels.csproj", "{47A6D11C-256C-4263-8EC4-1FC756C1052E}"
EndProject
Project("{9A19103F-16F7-4668-BE54-9A1E7A4F7556}") = "Fittify.Api", "Fittify.Api\Fittify.Api.csproj", "{FF636153-E246-4DF7-96DC-0E61D0D83970}"
EndProject
Project("{9A19103F-16F7-4668-BE54-9A1E7A4F7556}") = "Fittify.Api.OuterFacingModels", "Fittify.Api.OuterFacingModels\Fittify.Api.OuterFacingModels.csproj", "{2D2633C9-2237-4097-A3ED-0543624564D7}"
EndProject
Project("{2150E333-8FDC-42A3-9474-1A3956D46DE8}") = "Tests", "Tests", "{61B2FCA8-F355-46A9-B5CD-231A070A4A2A}"
EndProject
Project("{9A19103F-16F7-4668-BE54-9A1E7A4F7556}") = "Fittify.Api.Test", "Fittify.Api.Test\Fittify.Api.Test.csproj", "{2826EAF4-ECAC-493E-A5C7-8733E30EB227}"
EndProject
Project("{9A19103F-16F7-4668-BE54-9A1E7A4F7556}") = "Fittify.Test.Core", "Test.Core\Fittify.Test.Core.csproj", "{0E3AFF1D-EF4E-46E1-B910-71D41F5AB9E6}"
EndProject
Project("{9A19103F-16F7-4668-BE54-9A1E7A4F7556}") = "Fittify.Test.Client", "Fittify.Test.HumanInteraction\Fittify.Test.Client.csproj", "{6CFB66FE-0B73-41CD-B039-331564B6D95F}"
EndProject
Project("{9A19103F-16F7-4668-BE54-9A1E7A4F7556}") = "Fittify.Common", "Fittify.Common\Fittify.Common.csproj", "{771DA5A6-84F4-4A1A-8A9E-26458B9550F8}"
EndProject
Project("{9A19103F-16F7-4668-BE54-9A1E7A4F7556}") = "Fittify.Web.ApiModelRepositories", "Fittify.Web.ApiModelRepositories\Fittify.Web.ApiModelRepositories.csproj", "{D9188E50-F225-4587-A33A-926AF71A008D}"
EndProject
Project("{2150E333-8FDC-42A3-9474-1A3956D46DE8}") = "Web", "Web", "{06847FC7-F55D-4BB2-896A-F3BFFA3DAB6B}"
EndProject
Project("{2150E333-8FDC-42A3-9474-1A3956D46DE8}") = "Api", "Api", "{416CE764-41B2-4A2E-84DA-13F47C6F5DC9}"
EndProject
Project("{9A19103F-16F7-4668-BE54-9A1E7A4F7556}") = "Fittify.Analyzer.Library", "Fittify.Analyzer.Library\Fittify.Analyzer.Library.csproj", "{CCDF6E82-EC04-4541-9463-9781319AE49A}"
EndProject
Project("{2150E333-8FDC-42A3-9474-1A3956D46DE8}") = "Angular", "Angular", "{031CE6ED-5D76-427D-8CEE-2464AC6210E2}"
EndProject
Project("{9A19103F-16F7-4668-BE54-9A1E7A4F7556}") = "Fittify.Angular", "Fittify.Angular\Fittify.Angular.csproj", "{BBA27E00-FE45-4167-B715-016626F0664F}"
EndProject
Project("{2150E333-8FDC-42A3-9474-1A3956D46DE8}") = "Api", "Api", "{E4C2E774-6288-4D70-93DA-D9BE069E3258}"
EndProject
Project("{9A19103F-16F7-4668-BE54-9A1E7A4F7556}") = "Fittify.Common.Test", "Fittify.Common.Test\Fittify.Common.Test.csproj", "{8DFD04E3-14B1-48FE-8B33-B8217B523EE2}"
EndProject
Project("{9A19103F-16F7-4668-BE54-9A1E7A4F7556}") = "Fittify.Api.OuterFacingModels.Test", "Fittify.Api.OuterFacingModels.Test\Fittify.Api.OuterFacingModels.Test.csproj", "{2B87E92D-DFB9-48CD-9097-076A62F69BD7}"
EndProject
Global
	GlobalSection(SolutionConfigurationPlatforms) = preSolution
		Debug|Any CPU = Debug|Any CPU
		Release|Any CPU = Release|Any CPU
	EndGlobalSection
	GlobalSection(ProjectConfigurationPlatforms) = postSolution
		{0689FF45-5805-4456-831A-E980187B1FAB}.Debug|Any CPU.ActiveCfg = Debug|Any CPU
		{0689FF45-5805-4456-831A-E980187B1FAB}.Debug|Any CPU.Build.0 = Debug|Any CPU
		{0689FF45-5805-4456-831A-E980187B1FAB}.Release|Any CPU.ActiveCfg = Release|Any CPU
		{0689FF45-5805-4456-831A-E980187B1FAB}.Release|Any CPU.Build.0 = Release|Any CPU
		{9EE66CA2-CE25-4178-96F7-E31B601716CA}.Debug|Any CPU.ActiveCfg = Debug|Any CPU
		{9EE66CA2-CE25-4178-96F7-E31B601716CA}.Debug|Any CPU.Build.0 = Debug|Any CPU
		{9EE66CA2-CE25-4178-96F7-E31B601716CA}.Release|Any CPU.ActiveCfg = Release|Any CPU
		{9EE66CA2-CE25-4178-96F7-E31B601716CA}.Release|Any CPU.Build.0 = Release|Any CPU
		{587D354C-E780-4A3E-A985-CE1679F638F8}.Debug|Any CPU.ActiveCfg = Debug|Any CPU
		{587D354C-E780-4A3E-A985-CE1679F638F8}.Debug|Any CPU.Build.0 = Debug|Any CPU
		{587D354C-E780-4A3E-A985-CE1679F638F8}.Release|Any CPU.ActiveCfg = Release|Any CPU
		{587D354C-E780-4A3E-A985-CE1679F638F8}.Release|Any CPU.Build.0 = Release|Any CPU
		{3838415D-A5FB-4F2F-803B-6EE156FD253D}.Debug|Any CPU.ActiveCfg = Debug|Any CPU
		{3838415D-A5FB-4F2F-803B-6EE156FD253D}.Debug|Any CPU.Build.0 = Debug|Any CPU
		{3838415D-A5FB-4F2F-803B-6EE156FD253D}.Release|Any CPU.ActiveCfg = Release|Any CPU
		{3838415D-A5FB-4F2F-803B-6EE156FD253D}.Release|Any CPU.Build.0 = Release|Any CPU
		{94892E90-F210-49C5-87C1-A33A8270A47C}.Debug|Any CPU.ActiveCfg = Debug|Any CPU
		{94892E90-F210-49C5-87C1-A33A8270A47C}.Debug|Any CPU.Build.0 = Debug|Any CPU
		{94892E90-F210-49C5-87C1-A33A8270A47C}.Release|Any CPU.ActiveCfg = Release|Any CPU
		{94892E90-F210-49C5-87C1-A33A8270A47C}.Release|Any CPU.Build.0 = Release|Any CPU
		{47A6D11C-256C-4263-8EC4-1FC756C1052E}.Debug|Any CPU.ActiveCfg = Debug|Any CPU
		{47A6D11C-256C-4263-8EC4-1FC756C1052E}.Debug|Any CPU.Build.0 = Debug|Any CPU
		{47A6D11C-256C-4263-8EC4-1FC756C1052E}.Release|Any CPU.ActiveCfg = Release|Any CPU
		{47A6D11C-256C-4263-8EC4-1FC756C1052E}.Release|Any CPU.Build.0 = Release|Any CPU
		{FF636153-E246-4DF7-96DC-0E61D0D83970}.Debug|Any CPU.ActiveCfg = Debug|Any CPU
		{FF636153-E246-4DF7-96DC-0E61D0D83970}.Debug|Any CPU.Build.0 = Debug|Any CPU
		{FF636153-E246-4DF7-96DC-0E61D0D83970}.Release|Any CPU.ActiveCfg = Release|Any CPU
		{FF636153-E246-4DF7-96DC-0E61D0D83970}.Release|Any CPU.Build.0 = Release|Any CPU
		{2D2633C9-2237-4097-A3ED-0543624564D7}.Debug|Any CPU.ActiveCfg = Debug|Any CPU
		{2D2633C9-2237-4097-A3ED-0543624564D7}.Debug|Any CPU.Build.0 = Debug|Any CPU
		{2D2633C9-2237-4097-A3ED-0543624564D7}.Release|Any CPU.ActiveCfg = Release|Any CPU
		{2D2633C9-2237-4097-A3ED-0543624564D7}.Release|Any CPU.Build.0 = Release|Any CPU
		{2826EAF4-ECAC-493E-A5C7-8733E30EB227}.Debug|Any CPU.ActiveCfg = Debug|Any CPU
		{2826EAF4-ECAC-493E-A5C7-8733E30EB227}.Debug|Any CPU.Build.0 = Debug|Any CPU
		{2826EAF4-ECAC-493E-A5C7-8733E30EB227}.Release|Any CPU.ActiveCfg = Release|Any CPU
		{2826EAF4-ECAC-493E-A5C7-8733E30EB227}.Release|Any CPU.Build.0 = Release|Any CPU
		{0E3AFF1D-EF4E-46E1-B910-71D41F5AB9E6}.Debug|Any CPU.ActiveCfg = Debug|Any CPU
		{0E3AFF1D-EF4E-46E1-B910-71D41F5AB9E6}.Debug|Any CPU.Build.0 = Debug|Any CPU
		{0E3AFF1D-EF4E-46E1-B910-71D41F5AB9E6}.Release|Any CPU.ActiveCfg = Release|Any CPU
		{0E3AFF1D-EF4E-46E1-B910-71D41F5AB9E6}.Release|Any CPU.Build.0 = Release|Any CPU
		{6CFB66FE-0B73-41CD-B039-331564B6D95F}.Debug|Any CPU.ActiveCfg = Debug|Any CPU
		{6CFB66FE-0B73-41CD-B039-331564B6D95F}.Debug|Any CPU.Build.0 = Debug|Any CPU
		{6CFB66FE-0B73-41CD-B039-331564B6D95F}.Release|Any CPU.ActiveCfg = Release|Any CPU
		{6CFB66FE-0B73-41CD-B039-331564B6D95F}.Release|Any CPU.Build.0 = Release|Any CPU
		{771DA5A6-84F4-4A1A-8A9E-26458B9550F8}.Debug|Any CPU.ActiveCfg = Debug|Any CPU
		{771DA5A6-84F4-4A1A-8A9E-26458B9550F8}.Debug|Any CPU.Build.0 = Debug|Any CPU
		{771DA5A6-84F4-4A1A-8A9E-26458B9550F8}.Release|Any CPU.ActiveCfg = Release|Any CPU
		{771DA5A6-84F4-4A1A-8A9E-26458B9550F8}.Release|Any CPU.Build.0 = Release|Any CPU
		{D9188E50-F225-4587-A33A-926AF71A008D}.Debug|Any CPU.ActiveCfg = Debug|Any CPU
		{D9188E50-F225-4587-A33A-926AF71A008D}.Debug|Any CPU.Build.0 = Debug|Any CPU
		{D9188E50-F225-4587-A33A-926AF71A008D}.Release|Any CPU.ActiveCfg = Release|Any CPU
		{D9188E50-F225-4587-A33A-926AF71A008D}.Release|Any CPU.Build.0 = Release|Any CPU
		{CCDF6E82-EC04-4541-9463-9781319AE49A}.Debug|Any CPU.ActiveCfg = Debug|Any CPU
		{CCDF6E82-EC04-4541-9463-9781319AE49A}.Debug|Any CPU.Build.0 = Debug|Any CPU
		{CCDF6E82-EC04-4541-9463-9781319AE49A}.Release|Any CPU.ActiveCfg = Release|Any CPU
		{CCDF6E82-EC04-4541-9463-9781319AE49A}.Release|Any CPU.Build.0 = Release|Any CPU
		{BBA27E00-FE45-4167-B715-016626F0664F}.Debug|Any CPU.ActiveCfg = Debug|Any CPU
		{BBA27E00-FE45-4167-B715-016626F0664F}.Debug|Any CPU.Build.0 = Debug|Any CPU
		{BBA27E00-FE45-4167-B715-016626F0664F}.Release|Any CPU.ActiveCfg = Release|Any CPU
		{BBA27E00-FE45-4167-B715-016626F0664F}.Release|Any CPU.Build.0 = Release|Any CPU
		{8DFD04E3-14B1-48FE-8B33-B8217B523EE2}.Debug|Any CPU.ActiveCfg = Debug|Any CPU
		{8DFD04E3-14B1-48FE-8B33-B8217B523EE2}.Debug|Any CPU.Build.0 = Debug|Any CPU
		{8DFD04E3-14B1-48FE-8B33-B8217B523EE2}.Release|Any CPU.ActiveCfg = Release|Any CPU
		{8DFD04E3-14B1-48FE-8B33-B8217B523EE2}.Release|Any CPU.Build.0 = Release|Any CPU
		{2B87E92D-DFB9-48CD-9097-076A62F69BD7}.Debug|Any CPU.ActiveCfg = Debug|Any CPU
		{2B87E92D-DFB9-48CD-9097-076A62F69BD7}.Debug|Any CPU.Build.0 = Debug|Any CPU
		{2B87E92D-DFB9-48CD-9097-076A62F69BD7}.Release|Any CPU.ActiveCfg = Release|Any CPU
		{2B87E92D-DFB9-48CD-9097-076A62F69BD7}.Release|Any CPU.Build.0 = Release|Any CPU
	EndGlobalSection
	GlobalSection(SolutionProperties) = preSolution
		HideSolutionNode = FALSE
	EndGlobalSection
	GlobalSection(NestedProjects) = preSolution
		{9EE66CA2-CE25-4178-96F7-E31B601716CA} = {06847FC7-F55D-4BB2-896A-F3BFFA3DAB6B}
		{587D354C-E780-4A3E-A985-CE1679F638F8} = {416CE764-41B2-4A2E-84DA-13F47C6F5DC9}
		{94892E90-F210-49C5-87C1-A33A8270A47C} = {416CE764-41B2-4A2E-84DA-13F47C6F5DC9}
		{47A6D11C-256C-4263-8EC4-1FC756C1052E} = {06847FC7-F55D-4BB2-896A-F3BFFA3DAB6B}
		{FF636153-E246-4DF7-96DC-0E61D0D83970} = {416CE764-41B2-4A2E-84DA-13F47C6F5DC9}
		{2D2633C9-2237-4097-A3ED-0543624564D7} = {416CE764-41B2-4A2E-84DA-13F47C6F5DC9}
		{2826EAF4-ECAC-493E-A5C7-8733E30EB227} = {61B2FCA8-F355-46A9-B5CD-231A070A4A2A}
		{0E3AFF1D-EF4E-46E1-B910-71D41F5AB9E6} = {61B2FCA8-F355-46A9-B5CD-231A070A4A2A}
		{6CFB66FE-0B73-41CD-B039-331564B6D95F} = {61B2FCA8-F355-46A9-B5CD-231A070A4A2A}
		{771DA5A6-84F4-4A1A-8A9E-26458B9550F8} = {416CE764-41B2-4A2E-84DA-13F47C6F5DC9}
		{D9188E50-F225-4587-A33A-926AF71A008D} = {06847FC7-F55D-4BB2-896A-F3BFFA3DAB6B}
		{BBA27E00-FE45-4167-B715-016626F0664F} = {031CE6ED-5D76-427D-8CEE-2464AC6210E2}
		{E4C2E774-6288-4D70-93DA-D9BE069E3258} = {61B2FCA8-F355-46A9-B5CD-231A070A4A2A}
		{8DFD04E3-14B1-48FE-8B33-B8217B523EE2} = {E4C2E774-6288-4D70-93DA-D9BE069E3258}
		{2B87E92D-DFB9-48CD-9097-076A62F69BD7} = {E4C2E774-6288-4D70-93DA-D9BE069E3258}
	EndGlobalSection
	GlobalSection(ExtensibilityGlobals) = postSolution
		SolutionGuid = {7B305ABF-A3CE-4E97-BE76-377367E1E5B8}
	EndGlobalSection
EndGlobal
